
Microsoft Visual Studio Solution File, Format Version 12.00
# Visual Studio Version 16
VisualStudioVersion = 16.0.30717.126
MinimumVisualStudioVersion = 10.0.40219.1
Project("{FAE04EC0-301F-11D3-BF4B-00C04F79EFBC}") = "Array og matematik H1", "Array og matematik H1\Array og matematik H1.csproj", "{3CBAAC1D-EE47-4FD2-A134-7F45F9DC9283}"
EndProject
Global
	GlobalSection(SolutionConfigurationPlatforms) = preSolution
		Debug|Any CPU = Debug|Any CPU
		Release|Any CPU = Release|Any CPU
	EndGlobalSection
	GlobalSection(ProjectConfigurationPlatforms) = postSolution
		{3CBAAC1D-EE47-4FD2-A134-7F45F9DC9283}.Debug|Any CPU.ActiveCfg = Debug|Any CPU
		{3CBAAC1D-EE47-4FD2-A134-7F45F9DC9283}.Debug|Any CPU.Build.0 = Debug|Any CPU
		{3CBAAC1D-EE47-4FD2-A134-7F45F9DC9283}.Release|Any CPU.ActiveCfg = Release|Any CPU
		{3CBAAC1D-EE47-4FD2-A134-7F45F9DC9283}.Release|Any CPU.Build.0 = Release|Any CPU
	EndGlobalSection
	GlobalSection(SolutionProperties) = preSolution
		HideSolutionNode = FALSE
	EndGlobalSection
	GlobalSection(ExtensibilityGlobals) = postSolution
		SolutionGuid = {830D1E94-91A3-4404-8ADA-C5DAC908D836}
	EndGlobalSection
EndGlobal
